github.com/Unknwon/com v0.0.0-20170819223952-7677a1d7c113 h1:YwXm6KwmrA5R5yJRhcnpqRUHmBXSKciHuWtK9zP5qKQ=
github.com/Unknwon/com v0.0.0-20170819223952-7677a1d7c113/go.mod h1:KYCjqMOeHpNuTOiFQU6WEcTG7poCJrUs0YgyHNtn1no=
github.com/flosch/pongo2 v0.0.0-20170906222041-1f4be1efe3b3 h1:fecEBrUZ0Ty8lAcsmAE11lmpEOwoAydiTHrGKI+5FU8=
github.com/flosch/pongo2 v0.0.0-20170906222041-1f4be1efe3b3/go.mod h1:rE0ErqqBaMcp9pzj8JxV1GcfDBpuypXYxlR1c37AUwg=
github.com/go-macaron/binding v0.0.0-20170611065819-ac54ee249c27 h1:ieTTL9+RAtpcMaskwWNN19Vdrsl4X+k2CWsQijWNsAU=
github.com/go-macaron/binding v0.0.0-20170611065819-ac54ee249c27/go.mod h1:u+H6rwW+HQwUL+w5uaEJSpIlVZDye1o9MB4Su0JfRfM=
github.com/go-macaron/inject v0.0.0-20160627170012-d8a0b8677191 h1:NjHlg70DuOkcAMqgt0+XA+NHwtu66MkTVVgR4fFWbcI=
github.com/go-macaron/inject v0.0.0-20160627170012-d8a0b8677191/go.mod h1:VFI2o2q9kYsC4o7VP1HrEVosiZZTd+MVT3YZx4gqvJw=
github.com/go-macaron/pongo2 v0.0.0-20161222080235-28e8bf81cad7 h1:2Smc64qCRYpNKWpAGOGzG5h3JSwS1GjmGatdYOUTwOQ=
github.com/go-macaron/pongo2 v0.0.0-20161222080235-28e8bf81cad7/go.mod h1:oz+8Lk9U8hDD4ohs3aUMZzTs+1PwmfYai9GXQR6MfNM=
github.com/golang/groupcache v0.0.0-20170421005642-b710c8433bd1 h1:mqdd5+N+bqCMcUn0wGhphbIPCzz3XRN5UYbTzYjzMKs=
github.com/golang/groupcache v0.0.0-20170421005642-b710c8433bd1/go.mod h1:cIg4eruTrX1D+g88fzRXU5OdNfaM+9IcxsU14FzY7Hc=
github.com/gorilla/websocket v0.0.0-20171013020858-71fa72d48423 h1:wkOcdLjYkjfxpi9H4cZeErBrLIAhTRp6MWSk/kS9/h4=
github.com/gorilla/websocket v0.0.0-20171013020858-71fa72d48423/go.mod h1:E7qHFY5m1UJ88s3WnNqhKjPHQ0heANvMoAMk2YaljkQ=
github.com/ioddly/meditations v0.0.0-20180916035201-d37afab02bcc h1:Li77fICAum5vaudArxXivp6FZSZMGtpK6Zel1oX1R+o=
github.com/ioddly/meditations v0.0.0-20180916035201-d37afab02bcc/go.mod h1:BFWhLlK0r8ReCJvxa6JEsVRknxpQnCTvgoFaTyZk+SM=
github.com/jinzhu/gorm v0.0.0-20171010132839-0a51f6cdc55d h1:9IrSs6/EmI/VUBGKVl2bDDqDW+MDif7nQ3/GqMKRpIk=
github.com/jinzhu/gorm v0.0.0-20171010132839-0a51f6cdc55d/go.mod h1:Vla75njaFJ8clLU1W44h34PjIkijhjHIYnZxMqCdxqo=
github.com/jinzhu/inflection v0.0.0-20170102125226-1c35d901db3d h1:jRQLvyVGL+iVtDElaEIDdKwpPqUIZJfzkNLV34htpEc=
github.com/jinzhu/inflection v0.0.0-20170102125226-1c35d901db3d/go.mod h1:h+uFLlag+Qp1Va5pdKtLDYj+kHp5pxUVkryuEj+Srlc=
github.com/jinzhu/now v0.0.0-20170212112655-d939ba741945 h1:Zi6ebPFqt/hiMTrjyLoZZHEn5bR3fX537mXN+rIDpF4=
github.com/jinzhu/now v0.0.0-20170212112655-d939ba741945/go.mod h1:oHTiXerJ20+SfYcrdlBO7rzZRJWGwSTQ0iUY2jI6Gfc=
github.com/juju/errors v0.0.0-20170703010042-c7d06af17c68 h1:d2hBkTvi7B89+OXY8+bBBshPlc+7JYacGrG/dFak8SQ=
github.com/juju/errors v0.0.0-20170703010042-c7d06af17c68/go.mod h1:W54LbzXuIE0boCoNJfwqpmkKJ1O4TCTZMetAt6jGk7Q=
github.com/mattn/go-sqlite3 v0.0.0-20171024025710-615c193e01d8 h1:d8yccbOOpnnmtyTNoyRcW790xQA1GVNQqZ0QsV6ZE6Q=
github.com/mattn/go-sqlite3 v0.0.0-20171024025710-615c193e01d8/go.mod h1:FPy6KqzDD04eiIsT53CuJW3U88zkxoIYsOqkbpncsNc=
github.com/tylerb/graceful v0.0.0-20170221171003-d72b0151351a h1:s7Ayvb4FBNAV0Na/34dTGg1KcvPzhcTrjTGoT0dMa9o=
github.com/tylerb/graceful v0.0.0-20170221171003-d72b0151351a/go.mod h1:LPYTbOYmUTdabwRt0TGhLllQ0MUNbs0Y5q1WXJOI9II=
github.com/urfave/cli v0.0.0-20171014202726-7bc6a0acffa5 h1:MCfT24H3f//U5+UCrZp1/riVO3B50BovxtDiNn0XKkk=
github.com/urfave/cli v0.0.0-20171014202726-7bc6a0acffa5/go.mod h1:70zkFmudgCuE/ngEzBv17Jvp/497gISqfk5gWijbERA=
golang.org/x/crypto v0.0.0-20171023145632-2509b142fb2b h1:vXxKaRjFiMao1tDygYZfT9iEZkE49b7scEND45gopd0=
golang.org/x/crypto v0.0.0-20171023145632-2509b142fb2b/go.mod h1:6SG95UA2DQfeDnfUPMdvaQW0Q7yPrPDi9nlGo2tz2b4=
golang.org/x/net v0.0.0-20170109185718-b03f0d9a164a h1:ACUgXoUmSiXbR7b8WSqtPrqCJwSQKjrD3SYzYd9HoIw=
golang.org/x/net v0.0.0-20170109185718-b03f0d9a164a/go.mod h1:mL1N/T3taQHkDXs73rZJwtUhF3w3ftmwwsq0BUmARs4=
gopkg.in/ini.v1 v1.30.0 h1:RWzrR5bI9Md6ZussAjqRg9bad7oobWKkWdOJq9JiKZg=
gopkg.in/ini.v1 v1.30.0/go.mod h1:pNLf8WUiyNEtQjuu5G5vTm06TEv9tsIgeAvK8hOrP4k=
gopkg.in/macaron.v1 v1.2.3 h1:v59DRyUhGoDqiI9KymwULN2IZ7DD0tWm4ZFUBi0xjXs=
gopkg.in/macaron.v1 v1.2.3/go.mod h1:PrsiawTWAGZs6wFbT5hlr7SQ2Ns9h7cUVtcUu4lQOVo=
