cloud.google.com/go v0.28.0 h1:KZ/88LWSw8NxMkjdQyX7LQSGR9PkHr4PaVuNm8zgFq0=
cloud.google.com/go v0.28.0/go.mod h1:aQUYkXzVsufM+DwF1aE+0xfcU+56JwCaLick0ClmMTw=
github.com/Unknwon/com v0.0.0-20170819223952-7677a1d7c113 h1:YwXm6KwmrA5R5yJRhcnpqRUHmBXSKciHuWtK9zP5qKQ=
github.com/Unknwon/com v0.0.0-20170819223952-7677a1d7c113/go.mod h1:KYCjqMOeHpNuTOiFQU6WEcTG7poCJrUs0YgyHNtn1no=
github.com/denisenkom/go-mssqldb v0.0.0-20180901172138-1eb28afdf9b6 h1:BZGp1dbKFjqlGmxEpwkDpCWNxVwEYnUPoncIzLiHlPo=
github.com/denisenkom/go-mssqldb v0.0.0-20180901172138-1eb28afdf9b6/go.mod h1:xN/JuLBIz4bjkxNmByTiV1IbhfnYb6oo99phBn4Eqhc=
github.com/erikstmartin/go-testdb v0.0.0-20160219214506-8d10e4a1bae5 h1:Yzb9+7DPaBjB8zlTR87/ElzFsnQfuHnVUVqpZZIcV5Y=
github.com/erikstmartin/go-testdb v0.0.0-20160219214506-8d10e4a1bae5/go.mod h1:a2zkGnVExMxdzMo3M0Hi/3sEU+cWnZpSni0O6/Yb/P0=
github.com/flosch/pongo2 v0.0.0-20170906222041-1f4be1efe3b3 h1:fecEBrUZ0Ty8lAcsmAE11lmpEOwoAydiTHrGKI+5FU8=
github.com/flosch/pongo2 v0.0.0-20170906222041-1f4be1efe3b3/go.mod h1:rE0ErqqBaMcp9pzj8JxV1GcfDBpuypXYxlR1c37AUwg=
github.com/getlantern/context v0.0.0-20160525112039-624d99b1798d h1:UIZcMnqh939ljD/jzHgDTLehvwaBRNt2o3WMlyYplNY=
github.com/getlantern/context v0.0.0-20160525112039-624d99b1798d/go.mod h1:L+mq6/vvYHKjCX2oez0CgEAJmbq1fbb/oNJIWQkBybY=
github.com/getlantern/errors v0.0.0-20180829142810-e24b7f4ff7c7 h1:pKm0g6hKvbd09FUAfFdlGBV/1L1e2KnXsapRNR6Z5/E=
github.com/getlantern/errors v0.0.0-20180829142810-e24b7f4ff7c7/go.mod h1:l+xpFBrCtDLpK9qNjxs+cHU6+BAdlBaxHqikB6Lku3A=
github.com/getlantern/golog v0.0.0-20170508214112-cca714f7feb5 h1:Okd7vkn9CfIgDBj1ST/vtBTCfD/kxIhYD412K+FRKPc=
github.com/getlantern/golog v0.0.0-20170508214112-cca714f7feb5/go.mod h1:Vwx1Cg64gCdIalad44uvQsKZw6LsVczIKZrUBStEjVw=
github.com/getlantern/hex v0.0.0-20160523043825-083fba3033ad h1:L/UatDVr6opOJnZdZnGwhFXjoIUwO6RHULxPyzb60L4=
github.com/getlantern/hex v0.0.0-20160523043825-083fba3033ad/go.mod h1:dD3CgOrwlzca8ed61CsZouQS5h5jIzkK9ZWrTcf0s+o=
github.com/getlantern/hidden v0.0.0-20160523043807-d52a649ab33a h1:gF6WQx7V8q91bBC4MUWOuKnWjUcDDi27d1zMdB0hPnM=
github.com/getlantern/hidden v0.0.0-20160523043807-d52a649ab33a/go.mod h1:6mmzY2kW1TOOrVy+r41Za2MxXM+hhqTtY3oBKd2AgFA=
github.com/getlantern/ops v0.0.0-20170904182230-37353306c908 h1:PiLUBXrdcPfVqAQVqLGCfKVq/5KI3KsRowk2mJ7IuVk=
github.com/getlantern/ops v0.0.0-20170904182230-37353306c908/go.mod h1:D5ao98qkA6pxftxoqzibIBBrLSUli+kYnJqrgBf9cIA=
github.com/getlantern/systray v0.0.0-20180823171129-3fd1443dac5c h1:Ubt6qHWcPR74WXJIG2mILBtdpche/XhrxmQ0QMSXNaA=
github.com/getlantern/systray v0.0.0-20180823171129-3fd1443dac5c/go.mod h1:7Splj4WBQSps8jODnMgrIV6goKL0N1HR+mhCAEVWlA0=
github.com/go-macaron/binding v0.0.0-20170611065819-ac54ee249c27 h1:ieTTL9+RAtpcMaskwWNN19Vdrsl4X+k2CWsQijWNsAU=
github.com/go-macaron/binding v0.0.0-20170611065819-ac54ee249c27/go.mod h1:u+H6rwW+HQwUL+w5uaEJSpIlVZDye1o9MB4Su0JfRfM=
github.com/go-macaron/inject v0.0.0-20160627170012-d8a0b8677191 h1:NjHlg70DuOkcAMqgt0+XA+NHwtu66MkTVVgR4fFWbcI=
github.com/go-macaron/inject v0.0.0-20160627170012-d8a0b8677191/go.mod h1:VFI2o2q9kYsC4o7VP1HrEVosiZZTd+MVT3YZx4gqvJw=
github.com/go-macaron/pongo2 v0.0.0-20161222080235-28e8bf81cad7 h1:2Smc64qCRYpNKWpAGOGzG5h3JSwS1GjmGatdYOUTwOQ=
github.com/go-macaron/pongo2 v0.0.0-20161222080235-28e8bf81cad7/go.mod h1:oz+8Lk9U8hDD4ohs3aUMZzTs+1PwmfYai9GXQR6MfNM=
github.com/go-sql-driver/mysql v1.4.0 h1:7LxgVwFb2hIQtMm87NdgAVfXjnt4OePseqT1tKx+opk=
github.com/go-sql-driver/mysql v1.4.0/go.mod h1:zAC/RDZ24gD3HViQzih4MyKcchzm+sOG5ZlKdlhCg5w=
github.com/go-stack/stack v1.8.0 h1:5SgMzNM5HxrEjV0ww2lTmX6E2Izsfxas4+YHWRs3Lsk=
github.com/go-stack/stack v1.8.0/go.mod h1:v0f6uXyyMGvRgIKkXu+yp6POWl0qKG85gN/melR3HDY=
github.com/golang/groupcache v0.0.0-20170421005642-b710c8433bd1 h1:mqdd5+N+bqCMcUn0wGhphbIPCzz3XRN5UYbTzYjzMKs=
github.com/golang/groupcache v0.0.0-20170421005642-b710c8433bd1/go.mod h1:cIg4eruTrX1D+g88fzRXU5OdNfaM+9IcxsU14FzY7Hc=
github.com/golang/protobuf v1.2.0/go.mod h1:6lQm79b+lXiMfvg/cZm0SGofjICqVBUtrP5yJMmIC1U=
github.com/google/go-cmp v0.2.0 h1:+dTQ8DZQJz0Mb/HjFlkptS1FeQ4cWSnN941F8aEG4SQ=
github.com/google/go-cmp v0.2.0/go.mod h1:oXzfMopK8JAjlY9xF4vHSVASa0yLyX7SntLO5aqRK0M=
github.com/gopherjs/gopherjs v0.0.0-20180825215210-0210a2f0f73c h1:16eHWuMGvCjSfgRJKqIzapE78onvvTbdi1rMkU00lZw=
github.com/gopherjs/gopherjs v0.0.0-20180825215210-0210a2f0f73c/go.mod h1:wJfORRmW1u3UXTncJ5qlYoELFm8eSnnEO6hX4iZ3EWY=
github.com/gorilla/websocket v0.0.0-20171013020858-71fa72d48423 h1:wkOcdLjYkjfxpi9H4cZeErBrLIAhTRp6MWSk/kS9/h4=
github.com/gorilla/websocket v0.0.0-20171013020858-71fa72d48423/go.mod h1:E7qHFY5m1UJ88s3WnNqhKjPHQ0heANvMoAMk2YaljkQ=
github.com/graphql-go/graphql v0.7.6 h1:3Bn1IFB5OvPoANEfu03azF8aMyks0G/H6G1XeTfYbM4=
github.com/graphql-go/graphql v0.7.6/go.mod h1:k6yrAYQaSP59DC5UVxbgxESlmVyojThKdORUqGDGmrI=
github.com/jinzhu/gorm v0.0.0-20171010132839-0a51f6cdc55d h1:9IrSs6/EmI/VUBGKVl2bDDqDW+MDif7nQ3/GqMKRpIk=
github.com/jinzhu/gorm v0.0.0-20171010132839-0a51f6cdc55d/go.mod h1:Vla75njaFJ8clLU1W44h34PjIkijhjHIYnZxMqCdxqo=
github.com/jinzhu/inflection v0.0.0-20170102125226-1c35d901db3d h1:jRQLvyVGL+iVtDElaEIDdKwpPqUIZJfzkNLV34htpEc=
github.com/jinzhu/inflection v0.0.0-20170102125226-1c35d901db3d/go.mod h1:h+uFLlag+Qp1Va5pdKtLDYj+kHp5pxUVkryuEj+Srlc=
github.com/jinzhu/now v0.0.0-20170212112655-d939ba741945 h1:Zi6ebPFqt/hiMTrjyLoZZHEn5bR3fX537mXN+rIDpF4=
github.com/jinzhu/now v0.0.0-20170212112655-d939ba741945/go.mod h1:oHTiXerJ20+SfYcrdlBO7rzZRJWGwSTQ0iUY2jI6Gfc=
github.com/jtolds/gls v4.2.1+incompatible h1:fSuqC+Gmlu6l/ZYAoZzx2pyucC8Xza35fpRVWLVmUEE=
github.com/jtolds/gls v4.2.1+incompatible/go.mod h1:QJZ7F/aHp+rZTRtaJ1ow/lLfFfVYBRgL+9YlvaHOwJU=
github.com/juju/errors v0.0.0-20170703010042-c7d06af17c68 h1:d2hBkTvi7B89+OXY8+bBBshPlc+7JYacGrG/dFak8SQ=
github.com/juju/errors v0.0.0-20170703010042-c7d06af17c68/go.mod h1:W54LbzXuIE0boCoNJfwqpmkKJ1O4TCTZMetAt6jGk7Q=
github.com/juju/loggo v0.0.0-20180524022052-584905176618 h1:MK144iBQF9hTSwBW/9eJm034bVoG30IshVm688T2hi8=
github.com/juju/loggo v0.0.0-20180524022052-584905176618/go.mod h1:vgyd7OREkbtVEN/8IXZe5Ooef3LQePvuBm9UWj6ZL8U=
github.com/juju/testing v0.0.0-20180920084828-472a3e8b2073 h1:WQM1NildKThwdP7qWrNAFGzp4ijNLw8RlgENkaI4MJs=
github.com/juju/testing v0.0.0-20180920084828-472a3e8b2073/go.mod h1:63prj8cnj0tU0S9OHjGJn+b1h0ZghCndfnbQolrYTwA=
github.com/kr/pretty v0.1.0 h1:L/CwN0zerZDmRFUapSPitk6f+Q3+0za1rQkzVuMiMFI=
github.com/kr/pretty v0.1.0/go.mod h1:dAy3ld7l9f0ibDNOQOHHMYYIIbhfbHSm3C4ZsoJORNo=
github.com/kr/pty v1.1.1/go.mod h1:pFQYn66WHrOpPYNljwOMqo10TkYh1fy3cYio2l3bCsQ=
github.com/kr/text v0.1.0 h1:45sCR5RtlFHMR4UwH9sdQ5TC8v0qDQCHnXt+kaKSTVE=
github.com/kr/text v0.1.0/go.mod h1:4Jbv+DJW3UT/LiOwJeYQe1efqtUx/iVham/4vfdArNI=
github.com/lib/pq v1.0.0 h1:X5PMW56eZitiTeO7tKzZxFCSpbFZJtkMMooicw2us9A=
github.com/lib/pq v1.0.0/go.mod h1:5WUZQaWbwv1U+lTReE5YruASi9Al49XbQIvNi/34Woo=
github.com/mattn/go-sqlite3 v0.0.0-20171024025710-615c193e01d8 h1:d8yccbOOpnnmtyTNoyRcW790xQA1GVNQqZ0QsV6ZE6Q=
github.com/mattn/go-sqlite3 v0.0.0-20171024025710-615c193e01d8/go.mod h1:FPy6KqzDD04eiIsT53CuJW3U88zkxoIYsOqkbpncsNc=
github.com/oxtoacart/bpool v0.0.0-20150712133111-4e1c5567d7c2 h1:CXwSGu/LYmbjEab5aMCs5usQRVBGThelUKBNnoSOuso=
github.com/oxtoacart/bpool v0.0.0-20150712133111-4e1c5567d7c2/go.mod h1:L3UMQOThbttwfYRNFOWLLVXMhk5Lkio4GGOtw5UrxS0=
github.com/smartystreets/assertions v0.0.0-20180820201707-7c9eb446e3cf h1:6V1qxN6Usn4jy8unvggSJz/NC790tefw8Zdy6OZS5co=
github.com/smartystreets/assertions v0.0.0-20180820201707-7c9eb446e3cf/go.mod h1:OnSkiWE9lh6wB0YB77sQom3nweQdgAjqCqsofrRNTgc=
github.com/smartystreets/goconvey v0.0.0-20180222194500-ef6db91d284a h1:JSvGDIbmil4Ui/dDdFBExb7/cmkNjyX5F97oglmvCDo=
github.com/smartystreets/goconvey v0.0.0-20180222194500-ef6db91d284a/go.mod h1:XDJAKZRPZ1CvBcN2aX5YOUTYGHki24fSF0Iv48Ibg0s=
github.com/tylerb/graceful v1.2.15 h1:B0x01Y8fsJpogzZTkDg6BDi6eMf03s01lEKGdrv83oA=
github.com/tylerb/graceful v1.2.15/go.mod h1:LPYTbOYmUTdabwRt0TGhLllQ0MUNbs0Y5q1WXJOI9II=
github.com/urfave/cli v0.0.0-20171014202726-7bc6a0acffa5 h1:MCfT24H3f//U5+UCrZp1/riVO3B50BovxtDiNn0XKkk=
github.com/urfave/cli v0.0.0-20171014202726-7bc6a0acffa5/go.mod h1:70zkFmudgCuE/ngEzBv17Jvp/497gISqfk5gWijbERA=
golang.org/x/crypto v0.0.0-20171023145632-2509b142fb2b h1:vXxKaRjFiMao1tDygYZfT9iEZkE49b7scEND45gopd0=
golang.org/x/crypto v0.0.0-20171023145632-2509b142fb2b/go.mod h1:6SG95UA2DQfeDnfUPMdvaQW0Q7yPrPDi9nlGo2tz2b4=
golang.org/x/net v0.0.0-20180724234803-3673e40ba225 h1:kNX+jCowfMYzvlSvJu5pQWEmyWFrBXJ3PBy10xKMXK8=
golang.org/x/net v0.0.0-20180724234803-3673e40ba225/go.mod h1:mL1N/T3taQHkDXs73rZJwtUhF3w3ftmwwsq0BUmARs4=
golang.org/x/text v0.3.0 h1:g61tztE5qeGQ89tm6NTjjM9VPIm088od1l6aSorWRWg=
golang.org/x/text v0.3.0/go.mod h1:NqM8EUOU14njkJ3fqMW+pc6Ldnwhi/IjpwHt7yyuwOQ=
google.golang.org/appengine v1.2.0 h1:S0iUepdCWODXRvtE+gcRDd15L+k+k1AiHlMiMjefH24=
google.golang.org/appengine v1.2.0/go.mod h1:xpcJRLb0r/rnEns0DIKYYv+WjYCduHsrkT7/EB5XEv4=
gopkg.in/check.v1 v0.0.0-20161208181325-20d25e280405/go.mod h1:Co6ibVJAznAaIkqp8huTwlJQCZ016jof/cbN4VW5Yz0=
gopkg.in/check.v1 v1.0.0-20180628173108-788fd7840127 h1:qIbj1fsPNlZgppZ+VLlY7N33q108Sa+fhmuc+sWQYwY=
gopkg.in/check.v1 v1.0.0-20180628173108-788fd7840127/go.mod h1:Co6ibVJAznAaIkqp8huTwlJQCZ016jof/cbN4VW5Yz0=
gopkg.in/ini.v1 v1.30.0 h1:RWzrR5bI9Md6ZussAjqRg9bad7oobWKkWdOJq9JiKZg=
gopkg.in/ini.v1 v1.30.0/go.mod h1:pNLf8WUiyNEtQjuu5G5vTm06TEv9tsIgeAvK8hOrP4k=
gopkg.in/macaron.v1 v1.2.3 h1:v59DRyUhGoDqiI9KymwULN2IZ7DD0tWm4ZFUBi0xjXs=
gopkg.in/macaron.v1 v1.2.3/go.mod h1:PrsiawTWAGZs6wFbT5hlr7SQ2Ns9h7cUVtcUu4lQOVo=
gopkg.in/mgo.v2 v2.0.0-20180705113604-9856a29383ce h1:xcEWjVhvbDy+nHP67nPDDpbYrY+ILlfndk4bRioVHaU=
gopkg.in/mgo.v2 v2.0.0-20180705113604-9856a29383ce/go.mod h1:yeKp02qBN3iKW1OzL3MGk2IdtZzaj7SFntXj72NppTA=
gopkg.in/yaml.v2 v2.2.1 h1:mUhvW9EsL+naU5Q3cakzfE91YhliOondGd6ZrsDBHQE=
gopkg.in/yaml.v2 v2.2.1/go.mod h1:hI93XBmqTisBFMUTm0b8Fm+jr3Dg1NNxqwp+5A1VGuI=
