# This file is autogenerated, do not edit; changes may be undone by the next 'dep ensure'.


[[projects]]
  branch = "master"
  name = "github.com/Unknwon/com"
  packages = ["."]
  revision = "7677a1d7c1137cd3dd5ba7a076d0c898a1ef4520"

[[projects]]
  branch = "master"
  name = "github.com/flosch/pongo2"
  packages = ["."]
  revision = "1f4be1efe3b3529b7e58861f75d70120a9567dc4"

[[projects]]
  branch = "master"
  name = "github.com/go-macaron/binding"
  packages = ["."]
  revision = "ac54ee249c27dca7e76fad851a4a04b73bd1b183"

[[projects]]
  branch = "master"
  name = "github.com/go-macaron/inject"
  packages = ["."]
  revision = "d8a0b8677191f4380287cfebd08e462217bac7ad"

[[projects]]
  branch = "master"
  name = "github.com/go-macaron/pongo2"
  packages = ["."]
  revision = "28e8bf81cad72bee3aa5fef3d2fd7210b9b97b3f"

[[projects]]
  name = "github.com/golang/groupcache"
  packages = ["lru"]
  revision = "b710c8433bd175204919eb38776e944233235d03"

[[projects]]
  name = "github.com/gorilla/websocket"
  packages = ["."]
  revision = "71fa72d4842364bc5f74185f4161e0099ea3624a"

[[projects]]
  branch = "master"
  name = "github.com/jinzhu/gorm"
  packages = ["."]
  revision = "0a51f6cdc55d1650d9ed3b4c13026cfa9133b01e"

[[projects]]
  branch = "master"
  name = "github.com/jinzhu/inflection"
  packages = ["."]
  revision = "1c35d901db3da928c72a72d8458480cc9ade058f"

[[projects]]
  branch = "master"
  name = "github.com/jinzhu/now"
  packages = ["."]
  revision = "d939ba741945c047cac69c329c5fb0d6b4a06520"

[[projects]]
  branch = "master"
  name = "github.com/juju/errors"
  packages = ["."]
  revision = "c7d06af17c68cd34c835053720b21f6549d9b0ee"

[[projects]]
  name = "github.com/mattn/go-sqlite3"
  packages = ["."]
  revision = "615c193e01d8d462eef7ee390171506f531a1c9a"

[[projects]]
  branch = "master"
  name = "github.com/tylerb/graceful"
  packages = ["."]
  revision = "d72b0151351a13d0421b763b88f791469c4f5dc7"

[[projects]]
  name = "github.com/urfave/cli"
  packages = ["."]
  revision = "7bc6a0acffa589f415f88aca16cc1de5ffd66f9c"

[[projects]]
  name = "golang.org/x/crypto"
  packages = ["pbkdf2"]
  revision = "2509b142fb2b797aa7587dad548f113b2c0f20ce"

[[projects]]
  name = "golang.org/x/net"
  packages = ["context"]
  revision = "b03f0d9a164ac99fff690e1e0bb0af36f760322b"

[[projects]]
  name = "gopkg.in/ini.v1"
  packages = ["."]
  revision = "5b3e00af70a9484542169a976dcab8d03e601a17"
  version = "v1.30.0"

[[projects]]
  name = "gopkg.in/macaron.v1"
  packages = ["."]
  revision = "534b5803c7c0bfb3a59632359a94bc761d393d4c"
  version = "v1.2.3"

[solve-meta]
  analyzer-name = "dep"
  analyzer-version = 1
  inputs-digest = "b5a7569e59f5dba4aeeb357381f1d5bfcc7f2390c5c9862133b5472203adaa3e"
  solver-name = "gps-cdcl"
  solver-version = 1
